PODS:
  - device_calendar (0.0.1):
    - FlutterMacOS
  - flutter_timezone (0.1.0):
    - FlutterMacOS
  - FlutterMacOS (1.0.0)

DEPENDENCIES:
  - device_calendar (from `Flutter/ephemeral/.symlinks/plugins/device_calendar/macos`)
  - flutter_timezone (from `Flutter/ephemeral/.symlinks/plugins/flutter_timezone/macos`)
  - FlutterMacOS (from `Flutter/ephemeral`)

EXTERNAL SOURCES:
  device_calendar:
    :path: Flutter/ephemeral/.symlinks/plugins/device_calendar/macos
  flutter_timezone:
    :path: Flutter/ephemeral/.symlinks/plugins/flutter_timezone/macos
  FlutterMacOS:
    :path: Flutter/ephemeral

SPEC CHECKSUMS:
  device_calendar: a248cc162792f287748bf22cff0cb7823a6c4158
  flutter_timezone: 6b906d1740654acb16e50b639835628fea851037
  FlutterMacOS: d0db08ddef1a9af05a5ec4b724367152bb0500b1

PODFILE CHECKSUM: 5d8c169e5c905ea659419e4ec21f902c0f6be783

COCOAPODS: 1.16.2
